
Microsoft Visual Studio Solution File, Format Version 12.00
# Visual Studio Version 16
VisualStudioVersion = 16.0.29020.237
MinimumVisualStudioVersion = 10.0.40219.1
Project("{2150E333-8FDC-42A3-9474-1A3956D46DE8}") = "src", "src", "{883511E5-6494-47BC-89C8-4D00091B84FE}"
EndProject
Project("{2150E333-8FDC-42A3-9474-1A3956D46DE8}") = "Bases", "Bases", "{F11BEB56-B570-41DD-B80C-7671DF1C3ED5}"
EndProject
Project("{FAE04EC0-301F-11D3-BF4B-00C04F79EFBC}") = "TestBase", "src\Bases\TestBase\TestBase.csproj", "{3AFA01E6-0433-434D-9C68-154EAA8261C6}"
EndProject
Project("{2150E333-8FDC-42A3-9474-1A3956D46DE8}") = "Solution Items", "Solution Items", "{9AC70E40-EEDB-4255-93EF-F7FB40BD64B6}"
	ProjectSection(SolutionItems) = preProject
		.gitattributes = .gitattributes
		.gitignore = .gitignore
		README.md = README.md
	EndProjectSection
EndProject
Project("{FAE04EC0-301F-11D3-BF4B-00C04F79EFBC}") = "EluneBot", "src\EluneBot\EluneBot.csproj", "{4748C52E-1AE5-4E99-ADDD-CA38A650313A}"
	ProjectSection(ProjectDependencies) = postProject
		{B72C0A44-C227-435E-B4D3-026FAD84E965} = {B72C0A44-C227-435E-B4D3-026FAD84E965}
		{03380455-FA26-4905-8446-330A77AD5AB6} = {03380455-FA26-4905-8446-330A77AD5AB6}
		{9584E5FC-4095-45BA-AA15-D21B3BD3250D} = {9584E5FC-4095-45BA-AA15-D21B3BD3250D}
	EndProjectSection
EndProject
Project("{8BC9CEB8-8B4A-11D0-8D11-00A0C91BC942}") = "EluneBot.Loader", "src\EluneBot.Loader\EluneBot.Loader.vcxproj", "{B72C0A44-C227-435E-B4D3-026FAD84E965}"
EndProject
Project("{8BC9CEB8-8B4A-11D0-8D11-00A0C91BC942}") = "EluneBot.Injector", "src\EluneBot.Injector\EluneBot.Injector.vcxproj", "{03380455-FA26-4905-8446-330A77AD5AB6}"
EndProject
Project("{8BC9CEB8-8B4A-11D0-8D11-00A0C91BC942}") = "EluneBot.FastCall", "src\EluneBot.FastCall\EluneBot.FastCall.vcxproj", "{9584E5FC-4095-45BA-AA15-D21B3BD3250D}"
EndProject
Global
	GlobalSection(SolutionConfigurationPlatforms) = preSolution
		Debug|Any CPU = Debug|Any CPU
		Debug|x64 = Debug|x64
		Debug|x86 = Debug|x86
		Release|Any CPU = Release|Any CPU
		Release|x64 = Release|x64
		Release|x86 = Release|x86
	EndGlobalSection
	GlobalSection(ProjectConfigurationPlatforms) = postSolution
		{3AFA01E6-0433-434D-9C68-154EAA8261C6}.Debug|Any CPU.ActiveCfg = Debug|Any CPU
		{3AFA01E6-0433-434D-9C68-154EAA8261C6}.Debug|Any CPU.Build.0 = Debug|Any CPU
		{3AFA01E6-0433-434D-9C68-154EAA8261C6}.Debug|x64.ActiveCfg = Debug|Any CPU
		{3AFA01E6-0433-434D-9C68-154EAA8261C6}.Debug|x64.Build.0 = Debug|Any CPU
		{3AFA01E6-0433-434D-9C68-154EAA8261C6}.Debug|x86.ActiveCfg = Debug|Any CPU
		{3AFA01E6-0433-434D-9C68-154EAA8261C6}.Debug|x86.Build.0 = Debug|Any CPU
		{3AFA01E6-0433-434D-9C68-154EAA8261C6}.Release|Any CPU.ActiveCfg = Release|Any CPU
		{3AFA01E6-0433-434D-9C68-154EAA8261C6}.Release|Any CPU.Build.0 = Release|Any CPU
		{3AFA01E6-0433-434D-9C68-154EAA8261C6}.Release|x64.ActiveCfg = Release|Any CPU
		{3AFA01E6-0433-434D-9C68-154EAA8261C6}.Release|x64.Build.0 = Release|Any CPU
		{3AFA01E6-0433-434D-9C68-154EAA8261C6}.Release|x86.ActiveCfg = Release|Any CPU
		{3AFA01E6-0433-434D-9C68-154EAA8261C6}.Release|x86.Build.0 = Release|Any CPU
		{4748C52E-1AE5-4E99-ADDD-CA38A650313A}.Debug|Any CPU.ActiveCfg = Debug|Any CPU
		{4748C52E-1AE5-4E99-ADDD-CA38A650313A}.Debug|Any CPU.Build.0 = Debug|Any CPU
		{4748C52E-1AE5-4E99-ADDD-CA38A650313A}.Debug|x64.ActiveCfg = Debug|Any CPU
		{4748C52E-1AE5-4E99-ADDD-CA38A650313A}.Debug|x64.Build.0 = Debug|Any CPU
		{4748C52E-1AE5-4E99-ADDD-CA38A650313A}.Debug|x86.ActiveCfg = Debug|Any CPU
		{4748C52E-1AE5-4E99-ADDD-CA38A650313A}.Debug|x86.Build.0 = Debug|Any CPU
		{4748C52E-1AE5-4E99-ADDD-CA38A650313A}.Release|Any CPU.ActiveCfg = Release|Any CPU
		{4748C52E-1AE5-4E99-ADDD-CA38A650313A}.Release|Any CPU.Build.0 = Release|Any CPU
		{4748C52E-1AE5-4E99-ADDD-CA38A650313A}.Release|x64.ActiveCfg = Release|Any CPU
		{4748C52E-1AE5-4E99-ADDD-CA38A650313A}.Release|x64.Build.0 = Release|Any CPU
		{4748C52E-1AE5-4E99-ADDD-CA38A650313A}.Release|x86.ActiveCfg = Release|Any CPU
		{4748C52E-1AE5-4E99-ADDD-CA38A650313A}.Release|x86.Build.0 = Release|Any CPU
		{B72C0A44-C227-435E-B4D3-026FAD84E965}.Debug|Any CPU.ActiveCfg = Debug|Win32
		{B72C0A44-C227-435E-B4D3-026FAD84E965}.Debug|x64.ActiveCfg = Debug|x64
		{B72C0A44-C227-435E-B4D3-026FAD84E965}.Debug|x64.Build.0 = Debug|x64
		{B72C0A44-C227-435E-B4D3-026FAD84E965}.Debug|x86.ActiveCfg = Debug|Win32
		{B72C0A44-C227-435E-B4D3-026FAD84E965}.Debug|x86.Build.0 = Debug|Win32
		{B72C0A44-C227-435E-B4D3-026FAD84E965}.Release|Any CPU.ActiveCfg = Release|Win32
		{B72C0A44-C227-435E-B4D3-026FAD84E965}.Release|x64.ActiveCfg = Release|x64
		{B72C0A44-C227-435E-B4D3-026FAD84E965}.Release|x64.Build.0 = Release|x64
		{B72C0A44-C227-435E-B4D3-026FAD84E965}.Release|x86.ActiveCfg = Release|Win32
		{B72C0A44-C227-435E-B4D3-026FAD84E965}.Release|x86.Build.0 = Release|Win32
		{03380455-FA26-4905-8446-330A77AD5AB6}.Debug|Any CPU.ActiveCfg = Debug|Win32
		{03380455-FA26-4905-8446-330A77AD5AB6}.Debug|x64.ActiveCfg = Debug|x64
		{03380455-FA26-4905-8446-330A77AD5AB6}.Debug|x64.Build.0 = Debug|x64
		{03380455-FA26-4905-8446-330A77AD5AB6}.Debug|x86.ActiveCfg = Debug|Win32
		{03380455-FA26-4905-8446-330A77AD5AB6}.Debug|x86.Build.0 = Debug|Win32
		{03380455-FA26-4905-8446-330A77AD5AB6}.Release|Any CPU.ActiveCfg = Release|Win32
		{03380455-FA26-4905-8446-330A77AD5AB6}.Release|x64.ActiveCfg = Release|x64
		{03380455-FA26-4905-8446-330A77AD5AB6}.Release|x64.Build.0 = Release|x64
		{03380455-FA26-4905-8446-330A77AD5AB6}.Release|x86.ActiveCfg = Release|Win32
		{03380455-FA26-4905-8446-330A77AD5AB6}.Release|x86.Build.0 = Release|Win32
		{9584E5FC-4095-45BA-AA15-D21B3BD3250D}.Debug|Any CPU.ActiveCfg = Debug|Win32
		{9584E5FC-4095-45BA-AA15-D21B3BD3250D}.Debug|x64.ActiveCfg = Debug|x64
		{9584E5FC-4095-45BA-AA15-D21B3BD3250D}.Debug|x64.Build.0 = Debug|x64
		{9584E5FC-4095-45BA-AA15-D21B3BD3250D}.Debug|x86.ActiveCfg = Debug|Win32
		{9584E5FC-4095-45BA-AA15-D21B3BD3250D}.Debug|x86.Build.0 = Debug|Win32
		{9584E5FC-4095-45BA-AA15-D21B3BD3250D}.Release|Any CPU.ActiveCfg = Release|Win32
		{9584E5FC-4095-45BA-AA15-D21B3BD3250D}.Release|x64.ActiveCfg = Release|x64
		{9584E5FC-4095-45BA-AA15-D21B3BD3250D}.Release|x64.Build.0 = Release|x64
		{9584E5FC-4095-45BA-AA15-D21B3BD3250D}.Release|x86.ActiveCfg = Release|Win32
		{9584E5FC-4095-45BA-AA15-D21B3BD3250D}.Release|x86.Build.0 = Release|Win32
	EndGlobalSection
	GlobalSection(SolutionProperties) = preSolution
		HideSolutionNode = FALSE
	EndGlobalSection
	GlobalSection(NestedProjects) = preSolution
		{883511E5-6494-47BC-89C8-4D00091B84FE} = {9AC70E40-EEDB-4255-93EF-F7FB40BD64B6}
		{F11BEB56-B570-41DD-B80C-7671DF1C3ED5} = {883511E5-6494-47BC-89C8-4D00091B84FE}
		{3AFA01E6-0433-434D-9C68-154EAA8261C6} = {F11BEB56-B570-41DD-B80C-7671DF1C3ED5}
		{4748C52E-1AE5-4E99-ADDD-CA38A650313A} = {883511E5-6494-47BC-89C8-4D00091B84FE}
		{B72C0A44-C227-435E-B4D3-026FAD84E965} = {883511E5-6494-47BC-89C8-4D00091B84FE}
		{03380455-FA26-4905-8446-330A77AD5AB6} = {883511E5-6494-47BC-89C8-4D00091B84FE}
		{9584E5FC-4095-45BA-AA15-D21B3BD3250D} = {883511E5-6494-47BC-89C8-4D00091B84FE}
	EndGlobalSection
	GlobalSection(ExtensibilityGlobals) = postSolution
		SolutionGuid = {CF0C1AD7-5CD8-472F-AC4B-67999A16CBF7}
	EndGlobalSection
EndGlobal
