Microsoft Visual Studio Solution File, Format Version 12.00
# Visual Studio Version 17
VisualStudioVersion = 17.1.32319.34
MinimumVisualStudioVersion = 10.0.40219.1
Project("{9A19103F-16F7-4668-BE54-9A1E7A4F7556}") = "elunebot", "elunebot\elunebot.csproj", "{3093165A-7646-4582-85EA-9FD8530CC2A8}"
	ProjectSection(ProjectDependencies) = postProject
		{4756CF18-2091-446F-A79D-9E521611DEB5} = {4756CF18-2091-446F-A79D-9E521611DEB5}
		{F141071A-CD29-461D-996C-6421F777D261} = {F141071A-CD29-461D-996C-6421F777D261}
		{06848635-C735-44C7-9B54-91321F2094E3} = {06848635-C735-44C7-9B54-91321F2094E3}
		{9ABD4050-4CC4-4693-8A4B-753F7AA04D9A} = {9ABD4050-4CC4-4693-8A4B-753F7AA04D9A}
	EndProjectSection
EndProject
Project("{8BC9CEB8-8B4A-11D0-8D11-00A0C91BC942}") = "elunebot.bootstrap", "elunebot.bootstrap\elunebot.bootstrap.vcxproj", "{06848635-C735-44C7-9B54-91321F2094E3}"
EndProject
Project("{8BC9CEB8-8B4A-11D0-8D11-00A0C91BC942}") = "elunebot.fastcall", "elunebot.fastcall\elunebot.fastcall.vcxproj", "{9ABD4050-4CC4-4693-8A4B-753F7AA04D9A}"
EndProject
Project("{8BC9CEB8-8B4A-11D0-8D11-00A0C91BC942}") = "elunebot.navigation", "elunebot.navigation\elunebot.navigation.vcxproj", "{F141071A-CD29-461D-996C-6421F777D261}"
EndProject
Project("{9A19103F-16F7-4668-BE54-9A1E7A4F7556}") = "GreyMagic", "GreyMagic\GreyMagic.csproj", "{60334881-C6BB-438C-A6EF-4E5EB5BAA94A}"
EndProject
Project("{8BC9CEB8-8B4A-11D0-8D11-00A0C91BC942}") = "fasmdll_managed", "fasmdll_managed\fasmdll_managed.vcxproj", "{4756CF18-2091-446F-A79D-9E521611DEB5}"
EndProject
Project("{2150E333-8FDC-42A3-9474-1A3956D46DE8}") = "Solution Items", "Solution Items", "{C5DDC842-B0C1-4F04-9343-A8C9BB0E7822}"
	ProjectSection(SolutionItems) = preProject
		.gitattributes = .gitattributes
		.gitignore = .gitignore
	EndProjectSection
EndProject
Project("{FAE04EC0-301F-11D3-BF4B-00C04F79EFBC}") = "TestBotBase", "TestBotBase\TestBotBase.csproj", "{8D5F68C2-1C32-498F-B6FA-EB06FDE063C2}"
EndProject
Global
	GlobalSection(SolutionConfigurationPlatforms) = preSolution
		Debug|Any CPU = Debug|Any CPU
		Debug|x64 = Debug|x64
		Debug|x86 = Debug|x86
		Release|Any CPU = Release|Any CPU
		Release|x64 = Release|x64
		Release|x86 = Release|x86
	EndGlobalSection
	GlobalSection(ProjectConfigurationPlatforms) = postSolution
		{3093165A-7646-4582-85EA-9FD8530CC2A8}.Debug|Any CPU.ActiveCfg = Debug|Any CPU
		{3093165A-7646-4582-85EA-9FD8530CC2A8}.Debug|Any CPU.Build.0 = Debug|Any CPU
		{3093165A-7646-4582-85EA-9FD8530CC2A8}.Debug|x64.ActiveCfg = Debug|Any CPU
		{3093165A-7646-4582-85EA-9FD8530CC2A8}.Debug|x64.Build.0 = Debug|Any CPU
		{3093165A-7646-4582-85EA-9FD8530CC2A8}.Debug|x86.ActiveCfg = Debug|Any CPU
		{3093165A-7646-4582-85EA-9FD8530CC2A8}.Debug|x86.Build.0 = Debug|Any CPU
		{3093165A-7646-4582-85EA-9FD8530CC2A8}.Release|Any CPU.ActiveCfg = Release|Any CPU
		{3093165A-7646-4582-85EA-9FD8530CC2A8}.Release|Any CPU.Build.0 = Release|Any CPU
		{3093165A-7646-4582-85EA-9FD8530CC2A8}.Release|x64.ActiveCfg = Release|Any CPU
		{3093165A-7646-4582-85EA-9FD8530CC2A8}.Release|x64.Build.0 = Release|Any CPU
		{3093165A-7646-4582-85EA-9FD8530CC2A8}.Release|x86.ActiveCfg = Release|Any CPU
		{3093165A-7646-4582-85EA-9FD8530CC2A8}.Release|x86.Build.0 = Release|Any CPU
		{06848635-C735-44C7-9B54-91321F2094E3}.Debug|Any CPU.ActiveCfg = Debug|x64
		{06848635-C735-44C7-9B54-91321F2094E3}.Debug|Any CPU.Build.0 = Debug|x64
		{06848635-C735-44C7-9B54-91321F2094E3}.Debug|x64.ActiveCfg = Debug|x64
		{06848635-C735-44C7-9B54-91321F2094E3}.Debug|x64.Build.0 = Debug|x64
		{06848635-C735-44C7-9B54-91321F2094E3}.Debug|x86.ActiveCfg = Debug|Win32
		{06848635-C735-44C7-9B54-91321F2094E3}.Debug|x86.Build.0 = Debug|Win32
		{06848635-C735-44C7-9B54-91321F2094E3}.Release|Any CPU.ActiveCfg = Release|x64
		{06848635-C735-44C7-9B54-91321F2094E3}.Release|Any CPU.Build.0 = Release|x64
		{06848635-C735-44C7-9B54-91321F2094E3}.Release|x64.ActiveCfg = Release|x64
		{06848635-C735-44C7-9B54-91321F2094E3}.Release|x64.Build.0 = Release|x64
		{06848635-C735-44C7-9B54-91321F2094E3}.Release|x86.ActiveCfg = Release|Win32
		{06848635-C735-44C7-9B54-91321F2094E3}.Release|x86.Build.0 = Release|Win32
		{9ABD4050-4CC4-4693-8A4B-753F7AA04D9A}.Debug|Any CPU.ActiveCfg = Debug|x64
		{9ABD4050-4CC4-4693-8A4B-753F7AA04D9A}.Debug|Any CPU.Build.0 = Debug|x64
		{9ABD4050-4CC4-4693-8A4B-753F7AA04D9A}.Debug|x64.ActiveCfg = Debug|x64
		{9ABD4050-4CC4-4693-8A4B-753F7AA04D9A}.Debug|x64.Build.0 = Debug|x64
		{9ABD4050-4CC4-4693-8A4B-753F7AA04D9A}.Debug|x86.ActiveCfg = Debug|Win32
		{9ABD4050-4CC4-4693-8A4B-753F7AA04D9A}.Debug|x86.Build.0 = Debug|Win32
		{9ABD4050-4CC4-4693-8A4B-753F7AA04D9A}.Release|Any CPU.ActiveCfg = Release|x64
		{9ABD4050-4CC4-4693-8A4B-753F7AA04D9A}.Release|Any CPU.Build.0 = Release|x64
		{9ABD4050-4CC4-4693-8A4B-753F7AA04D9A}.Release|x64.ActiveCfg = Release|x64
		{9ABD4050-4CC4-4693-8A4B-753F7AA04D9A}.Release|x64.Build.0 = Release|x64
		{9ABD4050-4CC4-4693-8A4B-753F7AA04D9A}.Release|x86.ActiveCfg = Release|Win32
		{9ABD4050-4CC4-4693-8A4B-753F7AA04D9A}.Release|x86.Build.0 = Release|Win32
		{F141071A-CD29-461D-996C-6421F777D261}.Debug|Any CPU.ActiveCfg = Debug|x64
		{F141071A-CD29-461D-996C-6421F777D261}.Debug|Any CPU.Build.0 = Debug|x64
		{F141071A-CD29-461D-996C-6421F777D261}.Debug|x64.ActiveCfg = Debug|x64
		{F141071A-CD29-461D-996C-6421F777D261}.Debug|x64.Build.0 = Debug|x64
		{F141071A-CD29-461D-996C-6421F777D261}.Debug|x86.ActiveCfg = Debug|Win32
		{F141071A-CD29-461D-996C-6421F777D261}.Debug|x86.Build.0 = Debug|Win32
		{F141071A-CD29-461D-996C-6421F777D261}.Release|Any CPU.ActiveCfg = Release|x64
		{F141071A-CD29-461D-996C-6421F777D261}.Release|Any CPU.Build.0 = Release|x64
		{F141071A-CD29-461D-996C-6421F777D261}.Release|x64.ActiveCfg = Release|x64
		{F141071A-CD29-461D-996C-6421F777D261}.Release|x64.Build.0 = Release|x64
		{F141071A-CD29-461D-996C-6421F777D261}.Release|x86.ActiveCfg = Release|Win32
		{F141071A-CD29-461D-996C-6421F777D261}.Release|x86.Build.0 = Release|Win32
		{60334881-C6BB-438C-A6EF-4E5EB5BAA94A}.Debug|Any CPU.ActiveCfg = Debug|Any CPU
		{60334881-C6BB-438C-A6EF-4E5EB5BAA94A}.Debug|Any CPU.Build.0 = Debug|Any CPU
		{60334881-C6BB-438C-A6EF-4E5EB5BAA94A}.Debug|x64.ActiveCfg = Debug|Any CPU
		{60334881-C6BB-438C-A6EF-4E5EB5BAA94A}.Debug|x64.Build.0 = Debug|Any CPU
		{60334881-C6BB-438C-A6EF-4E5EB5BAA94A}.Debug|x86.ActiveCfg = Debug|Any CPU
		{60334881-C6BB-438C-A6EF-4E5EB5BAA94A}.Debug|x86.Build.0 = Debug|Any CPU
		{60334881-C6BB-438C-A6EF-4E5EB5BAA94A}.Release|Any CPU.ActiveCfg = Release|Any CPU
		{60334881-C6BB-438C-A6EF-4E5EB5BAA94A}.Release|Any CPU.Build.0 = Release|Any CPU
		{60334881-C6BB-438C-A6EF-4E5EB5BAA94A}.Release|x64.ActiveCfg = Release|Any CPU
		{60334881-C6BB-438C-A6EF-4E5EB5BAA94A}.Release|x64.Build.0 = Release|Any CPU
		{60334881-C6BB-438C-A6EF-4E5EB5BAA94A}.Release|x86.ActiveCfg = Release|Any CPU
		{60334881-C6BB-438C-A6EF-4E5EB5BAA94A}.Release|x86.Build.0 = Release|Any CPU
		{4756CF18-2091-446F-A79D-9E521611DEB5}.Debug|Any CPU.ActiveCfg = Debug|Win32
		{4756CF18-2091-446F-A79D-9E521611DEB5}.Debug|Any CPU.Build.0 = Debug|Win32
		{4756CF18-2091-446F-A79D-9E521611DEB5}.Debug|x64.ActiveCfg = Debug|Win32
		{4756CF18-2091-446F-A79D-9E521611DEB5}.Debug|x64.Build.0 = Debug|Win32
		{4756CF18-2091-446F-A79D-9E521611DEB5}.Debug|x86.ActiveCfg = Debug|Win32
		{4756CF18-2091-446F-A79D-9E521611DEB5}.Debug|x86.Build.0 = Debug|Win32
		{4756CF18-2091-446F-A79D-9E521611DEB5}.Release|Any CPU.ActiveCfg = Release|Win32
		{4756CF18-2091-446F-A79D-9E521611DEB5}.Release|Any CPU.Build.0 = Release|Win32
		{4756CF18-2091-446F-A79D-9E521611DEB5}.Release|x64.ActiveCfg = Release|Win32
		{4756CF18-2091-446F-A79D-9E521611DEB5}.Release|x64.Build.0 = Release|Win32
		{4756CF18-2091-446F-A79D-9E521611DEB5}.Release|x86.ActiveCfg = Release|Win32
		{4756CF18-2091-446F-A79D-9E521611DEB5}.Release|x86.Build.0 = Release|Win32
		{8D5F68C2-1C32-498F-B6FA-EB06FDE063C2}.Debug|Any CPU.ActiveCfg = Debug|Any CPU
		{8D5F68C2-1C32-498F-B6FA-EB06FDE063C2}.Debug|Any CPU.Build.0 = Debug|Any CPU
		{8D5F68C2-1C32-498F-B6FA-EB06FDE063C2}.Debug|x64.ActiveCfg = Debug|Any CPU
		{8D5F68C2-1C32-498F-B6FA-EB06FDE063C2}.Debug|x64.Build.0 = Debug|Any CPU
		{8D5F68C2-1C32-498F-B6FA-EB06FDE063C2}.Debug|x86.ActiveCfg = Debug|Any CPU
		{8D5F68C2-1C32-498F-B6FA-EB06FDE063C2}.Debug|x86.Build.0 = Debug|Any CPU
		{8D5F68C2-1C32-498F-B6FA-EB06FDE063C2}.Release|Any CPU.ActiveCfg = Release|Any CPU
		{8D5F68C2-1C32-498F-B6FA-EB06FDE063C2}.Release|Any CPU.Build.0 = Release|Any CPU
		{8D5F68C2-1C32-498F-B6FA-EB06FDE063C2}.Release|x64.ActiveCfg = Release|Any CPU
		{8D5F68C2-1C32-498F-B6FA-EB06FDE063C2}.Release|x64.Build.0 = Release|Any CPU
		{8D5F68C2-1C32-498F-B6FA-EB06FDE063C2}.Release|x86.ActiveCfg = Release|Any CPU
		{8D5F68C2-1C32-498F-B6FA-EB06FDE063C2}.Release|x86.Build.0 = Release|Any CPU
	EndGlobalSection
	GlobalSection(SolutionProperties) = preSolution
		HideSolutionNode = FALSE
	EndGlobalSection
	GlobalSection(ExtensibilityGlobals) = postSolution
		SolutionGuid = {6616C899-63B1-47CC-B04E-EFD71ACFEEC7}
	EndGlobalSection
EndGlobal
